{
    "_readme": [
        "This file locks the dependencies of your project to a known state",
        "Read more about it at https://getcomposer.org/doc/01-basic-usage.md#installing-dependencies",
        "This file is @generated automatically"
    ],
    "content-hash": "ed78b9677f523ce78c8eb959923694db",
    "packages": [
        {
            "name": "elgamal/elframework",
            "version": "1.0",
            "dist": {
                "type": "path",
                "url": "elframework",
                "reference": "50d646f110baf3163230a068cc25c41aa9db7920"
            },
            "type": "liberary",
            "autoload": {
                "psr-4": {
                    "Elframework\\": "framework/",
                    "Illuminates\\": "illuminates/"
                }
            },
            "license": [
                "MIT"
            ],
            "authors": [
                {
                    "name": "elgamal"
                }
            ],
            "description": "framework",
            "transport-options": {
                "relative": true
            }
        }
    ],
    "packages-dev": [],
    "aliases": [],
    "minimum-stability": "dev",
    "stability-flags": {},
    "prefer-stable": false,
    "prefer-lowest": false,
    "platform": {
        "php": ">=8.2"
    },
    "platform-dev": {},
    "plugin-api-version": "2.6.0"
}
